
Microsoft Visual Studio Solution File, Format Version 12.00
# Visual Studio Version 16
VisualStudioVersion = 16.0.32413.511
MinimumVisualStudioVersion = 10.0.40219.1
Project("{FAE04EC0-301F-11D3-BF4B-00C04F79EFBC}") = "Resh", "Resh\Resh.csproj", "{465396B5-42D2-4088-9D47-7C0B3217C738}"
EndProject
Global
	GlobalSection(SolutionConfigurationPlatforms) = preSolution
		Debug|Any CPU = Debug|Any CPU
		Release|Any CPU = Release|Any CPU
	EndGlobalSection
	GlobalSection(ProjectConfigurationPlatforms) = postSolution
		{465396B5-42D2-4088-9D47-7C0B3217C738}.Debug|Any CPU.ActiveCfg = Debug|Any CPU
		{465396B5-42D2-4088-9D47-7C0B3217C738}.Debug|Any CPU.Build.0 = Debug|Any CPU
		{465396B5-42D2-4088-9D47-7C0B3217C738}.Release|Any CPU.ActiveCfg = Release|Any CPU
		{465396B5-42D2-4088-9D47-7C0B3217C738}.Release|Any CPU.Build.0 = Release|Any CPU
	EndGlobalSection
	GlobalSection(SolutionProperties) = preSolution
		HideSolutionNode = FALSE
	EndGlobalSection
	GlobalSection(ExtensibilityGlobals) = postSolution
		SolutionGuid = {782CF342-40DB-43CC-81C8-761A92E3FE7F}
	EndGlobalSection
EndGlobal
